// !$*UTF8*$!
{
	archiveVersion = 1;
	classes = {
	};
	objectVersion = 46;
	objects = {
/* Begin PBXBuildFile section */
		00E356F31AD99517003FC87E /* AwanAppTests.m in Sources */ = {isa = PBXBuildFile; fileRef = 00E356F21AD99517003FC87E /* AwanAppTests.m */; };
		13B07FBC1A68108700A75B9A /* AppDelegate.m in Sources */ = {isa = PBXBuildFile; fileRef = 13B07FB01A68108700A75B9A /* AppDelegate.m */; };
		13B07FBD1A68108700A75B9A /* LaunchScreen.xib in Resources */ = {isa = PBXBuildFile; fileRef = 13B07FB11A68108700A75B9A /* LaunchScreen.xib */; };
		13B07FBF1A68108700A75B9A /* Images.xcassets in Resources */ = {isa = PBXBuildFile; fileRef = 13B07FB51A68108700A75B9A /* Images.xcassets */; };
		13B07FC11A68108700A75B9A /* main.m in Sources */ = {isa = PBXBuildFile; fileRef = 13B07FB71A68108700A75B9A /* main.m */; };
		2D02E4BC1E0B4A80006451C7 /* AppDelegate.m in Sources */ = {isa = PBXBuildFile; fileRef = 13B07FB01A68108700A75B9A /* AppDelegate.m */; };
		2D02E4BD1E0B4A84006451C7 /* Images.xcassets in Resources */ = {isa = PBXBuildFile; fileRef = 13B07FB51A68108700A75B9A /* Images.xcassets */; };
		2D02E4BF1E0B4AB3006451C7 /* main.m in Sources */ = {isa = PBXBuildFile; fileRef = 13B07FB71A68108700A75B9A /* main.m */; };
		2DCD954D1E0B4F2C00145EB5 /* AwanAppTests.m in Sources */ = {isa = PBXBuildFile; fileRef = 00E356F21AD99517003FC87E /* AwanAppTests.m */; };
		382CAC6B1E7A4B15A2EE6462 /* AntDesign.ttf in Resources */ = {isa = PBXBuildFile; fileRef = 3B105AB2010E40BEB72B09F2 /* AntDesign.ttf */; };
		121AF32D81DB436DB61A412B /* Entypo.ttf in Resources */ = {isa = PBXBuildFile; fileRef = 4EF0550D3C044F5AA921D446 /* Entypo.ttf */; };
		2F199DEA825240F9B6F8177B /* EvilIcons.ttf in Resources */ = {isa = PBXBuildFile; fileRef = 8F8197CFACA840C8AB6E743F /* EvilIcons.ttf */; };
		31BFFC641561442A928902AB /* Feather.ttf in Resources */ = {isa = PBXBuildFile; fileRef = 0A63CCB8919D4DFDABE258AC /* Feather.ttf */; };
		44AB290F478443919DB75716 /* FontAwesome.ttf in Resources */ = {isa = PBXBuildFile; fileRef = B0F9D0F897C14B359301DE91 /* FontAwesome.ttf */; };
		5542B383740F442084B84D5B /* FontAwesome5_Brands.ttf in Resources */ = {isa = PBXBuildFile; fileRef = F83329190AD34E6688BF4FDF /* FontAwesome5_Brands.ttf */; };
		960CE035AD1D4A8F8E0F8723 /* FontAwesome5_Regular.ttf in Resources */ = {isa = PBXBuildFile; fileRef = 345D0CF10816426096D70B3C /* FontAwesome5_Regular.ttf */; };
		BA237C9AB75C4C12A78140EE /* FontAwesome5_Solid.ttf in Resources */ = {isa = PBXBuildFile; fileRef = 342D2C14DC2048CEB4258DFF /* FontAwesome5_Solid.ttf */; };
		2DBA8404F4DD4A1893B4F22E /* Fontisto.ttf in Resources */ = {isa = PBXBuildFile; fileRef = 26FB35E864274B0594D2D3FC /* Fontisto.ttf */; };
		1BF3E159E7844E2A89D38579 /* Foundation.ttf in Resources */ = {isa = PBXBuildFile; fileRef = 75281388B6674A7E9E4C97D8 /* Foundation.ttf */; };
		39E0CAB5DD72415FABF43C1E /* Ionicons.ttf in Resources */ = {isa = PBXBuildFile; fileRef = F676C71A8C994F0791EA66D7 /* Ionicons.ttf */; };
		FE73074D750C44B9BA9017A6 /* MaterialCommunityIcons.ttf in Resources */ = {isa = PBXBuildFile; fileRef = 41B96B4057994765A54AABDC /* MaterialCommunityIcons.ttf */; };
		FF1E5743BB9B4751835BF5A4 /* MaterialIcons.ttf in Resources */ = {isa = PBXBuildFile; fileRef = CD3C3B48F73B42F3A7770F67 /* MaterialIcons.ttf */; };
		F7074077D6F44CA6895A1415 /* Octicons.ttf in Resources */ = {isa = PBXBuildFile; fileRef = D568426EDA8541A39D816D04 /* Octicons.ttf */; };
		998F43474F464E29B7A101EA /* Roboto_medium.ttf in Resources */ = {isa = PBXBuildFile; fileRef = CE14F13DC25C4AD19FF59A20 /* Roboto_medium.ttf */; };
		CC2FDA9B35DA4BECBEDAABBD /* Roboto.ttf in Resources */ = {isa = PBXBuildFile; fileRef = 3655E6116F4D4F8AAA771A63 /* Roboto.ttf */; };
		C3C4A17A0450422E9DBA572D /* rubicon-icon-font.ttf in Resources */ = {isa = PBXBuildFile; fileRef = 28CDD04006EF4DEF9C5B7438 /* rubicon-icon-font.ttf */; };
		89DE10D170704EBFA787A870 /* SimpleLineIcons.ttf in Resources */ = {isa = PBXBuildFile; fileRef = 9783FFD5927247AD858D156C /* SimpleLineIcons.ttf */; };
		D711CD63EFFD42AB89FEA92E /* Zocial.ttf in Resources */ = {isa = PBXBuildFile; fileRef = B6D83ADF2E8A4117908100A5 /* Zocial.ttf */; };
		B22E5F66E20A40E197BDC0D0 /* Nunito-Black.ttf in Resources */ = {isa = PBXBuildFile; fileRef = 8856B7E732434F74B7B0ECDE /* Nunito-Black.ttf */; };
		02F55F08054347D4AAA80B5F /* Nunito-BlackItalic.ttf in Resources */ = {isa = PBXBuildFile; fileRef = 8CB0E2DC07804979BA17CEA6 /* Nunito-BlackItalic.ttf */; };
		D99650257D824A7EA7FA6ACE /* Nunito-Bold.ttf in Resources */ = {isa = PBXBuildFile; fileRef = 461514A192D84F9CB838913E /* Nunito-Bold.ttf */; };
		12C7716DDB674257A3D6813F /* Nunito-BoldItalic.ttf in Resources */ = {isa = PBXBuildFile; fileRef = 7A6A6506E37C4749A8584B7E /* Nunito-BoldItalic.ttf */; };
		89128BFDC6F244248F81B2F2 /* Nunito-ExtraBold.ttf in Resources */ = {isa = PBXBuildFile; fileRef = 48C30A81AC99419A8EF500F3 /* Nunito-ExtraBold.ttf */; };
		9F188E029733448BA7848998 /* Nunito-ExtraBoldItalic.ttf in Resources */ = {isa = PBXBuildFile; fileRef = 70B8C838F8F44FCDB79303D9 /* Nunito-ExtraBoldItalic.ttf */; };
		0A8D484D113F446A89F1EA5D /* Nunito-ExtraLight.ttf in Resources */ = {isa = PBXBuildFile; fileRef = 10530B325FC448E8BDEDDABB /* Nunito-ExtraLight.ttf */; };
		4BF44124155E4D4F814B6376 /* Nunito-ExtraLightItalic.ttf in Resources */ = {isa = PBXBuildFile; fileRef = A139F4A267704591892EB5F4 /* Nunito-ExtraLightItalic.ttf */; };
		915802312ED04EF28A747522 /* Nunito-Italic.ttf in Resources */ = {isa = PBXBuildFile; fileRef = 4E8A4A2701D64CFCA31BCA31 /* Nunito-Italic.ttf */; };
		6FE3E605DB72404091887B34 /* Nunito-Light.ttf in Resources */ = {isa = PBXBuildFile; fileRef = 1B443CC0A344484793EB0102 /* Nunito-Light.ttf */; };
		522B5DCF047C4A2CA50CB350 /* Nunito-LightItalic.ttf in Resources */ = {isa = PBXBuildFile; fileRef = 7AC58B65EEB84797B0136D5C /* Nunito-LightItalic.ttf */; };
		D5B1209E9CFC45B39C6773E8 /* Nunito-Regular.ttf in Resources */ = {isa = PBXBuildFile; fileRef = 384F99B6990C46A6B72E4559 /* Nunito-Regular.ttf */; };
		3383FEE8C063415CA20228E8 /* Nunito-SemiBold.ttf in Resources */ = {isa = PBXBuildFile; fileRef = 854EB476FA4844C088EE1AF9 /* Nunito-SemiBold.ttf */; };
		968FB97D289241C09CAE8CCC /* Nunito-SemiBoldItalic.ttf in Resources */ = {isa = PBXBuildFile; fileRef = 91F1EB92386B4644A24B4604 /* Nunito-SemiBoldItalic.ttf */; };
		C0349C268DAB4E26A8584BCE /* card_1.png in Resources */ = {isa = PBXBuildFile; fileRef = 2B9DBF29F8494252B563B925 /* card_1.png */; };
		ADC700E02DB1419996E95309 /* card_2.png in Resources */ = {isa = PBXBuildFile; fileRef = 7C71A4CB581F4229B7334C13 /* card_2.png */; };
		0FED946610E34F20B0A98F1C /* intro1.png in Resources */ = {isa = PBXBuildFile; fileRef = 0382F83BA67D45D788084981 /* intro1.png */; };
		A572981E44C144C6BF8C1522 /* intro2.png in Resources */ = {isa = PBXBuildFile; fileRef = 8E1D216657024E4AB03EA250 /* intro2.png */; };
		711005298FC446199464A60E /* intro3.png in Resources */ = {isa = PBXBuildFile; fileRef = 328D5075EFFD410081A9FF6F /* intro3.png */; };
		F65147E592444185956043F3 /* logo.png in Resources */ = {isa = PBXBuildFile; fileRef = 4C14A4F31616409C945E660A /* logo.png */; };
		F44662C6CFB64DC6B52E8B9F /* addproductsuccess.png in Resources */ = {isa = PBXBuildFile; fileRef = 6867C1010C274172B90F69DD /* addproductsuccess.png */; };
		7DE9E839A2FF455B9FC27934 /* createpinsuccess.png in Resources */ = {isa = PBXBuildFile; fileRef = 937CFD9306C84D54B63BA3C9 /* createpinsuccess.png */; };
		BB5E04CE21E0460BB8CC1E43 /* img-product.png in Resources */ = {isa = PBXBuildFile; fileRef = 5BD79F7F7DDB4CF1A714C203 /* img-product.png */; };
		9736F21F8959450EBC800DD3 /* managemendiskonsuccess.png in Resources */ = {isa = PBXBuildFile; fileRef = 2A669A7EE1394F8C8DBC4BAC /* managemendiskonsuccess.png */; };
		F28C4FF073AA4E469CA68479 /* managemenkategorisuccess.png in Resources */ = {isa = PBXBuildFile; fileRef = 598CBAD2071A401EA0BB7671 /* managemenkategorisuccess.png */; };
		56AA75EE431540F59086814C /* managemenpelanggansuccess.png in Resources */ = {isa = PBXBuildFile; fileRef = 51596A11ACFC4C59A4217993 /* managemenpelanggansuccess.png */; };
		AB113EBA19A54D64AD5C752C /* managemenproduksukses.png in Resources */ = {isa = PBXBuildFile; fileRef = 8466D9234AA641B487D9C393 /* managemenproduksukses.png */; };
		705B825898CD4B41ABD4E5DA /* no-transaction.png in Resources */ = {isa = PBXBuildFile; fileRef = B1C2677AEC47410B9A864A76 /* no-transaction.png */; };
		66B701F03FBB43EBB6211585 /* noproductlist.png in Resources */ = {isa = PBXBuildFile; fileRef = C7CAF8BD25804BE9ACE9E688 /* noproductlist.png */; };
		A18846890ECC496CA594F9C5 /* successchangeemail.png in Resources */ = {isa = PBXBuildFile; fileRef = 626B2A8FC2A54311A1803F25 /* successchangeemail.png */; };
		282416DE70994DAAB858DED3 /* successchangepassword.png in Resources */ = {isa = PBXBuildFile; fileRef = FCFE55D5518E4FC8BC043B1D /* successchangepassword.png */; };
		CC5DEA27292445AE9EC3A7C2 /* successchangephone.png in Resources */ = {isa = PBXBuildFile; fileRef = 7E3A028170E040C99182E602 /* successchangephone.png */; };
		D3948187D1A341709BC134AB /* successchangepin.png in Resources */ = {isa = PBXBuildFile; fileRef = 671083B0865241D3B31259FC /* successchangepin.png */; };
		853EB2668CB44D87AF9E96BA /* successcreatestore.png in Resources */ = {isa = PBXBuildFile; fileRef = F77AB2B17D114FACA7B1A540 /* successcreatestore.png */; };
		70A3440123614BD8B90C2A01 /* successtransaction.png in Resources */ = {isa = PBXBuildFile; fileRef = C8471DA78159490DA1AB1082 /* successtransaction.png */; };
		E4BA053526954D2B9512D219 /* successupdateprofile.png in Resources */ = {isa = PBXBuildFile; fileRef = 213367DE602F4EC69783CF64 /* successupdateprofile.png */; };
		4C4F2525C1864E00A7F939B2 /* libRNBluetoothEscposPrinter.a in Frameworks */ = {isa = PBXBuildFile; fileRef = DC3E6AB7E40348DFA4D19B87 /* libRNBluetoothEscposPrinter.a */; };
		F38F9C6AA0E54757B5CB1650 /* Banner.jpg in Resources */ = {isa = PBXBuildFile; fileRef = 224D41A109D844BB82C505F8 /* Banner.jpg */; };
		F892A4D821BF48AFB557535D /* Banner2.jpg in Resources */ = {isa = PBXBuildFile; fileRef = BAC5620D70004CDDABBA2277 /* Banner2.jpg */; };
		A73F0933D74343C0AF4E971A /* logostruk.png in Resources */ = {isa = PBXBuildFile; fileRef = D0AA3125C140400C8BAEEB65 /* logostruk.png */; };
		C921B67C49C94124B548FD30 /* not-connected.png in Resources */ = {isa = PBXBuildFile; fileRef = FA07B5C0E1E247448EE26547 /* not-connected.png */; };
		3854C4FD74E3493BAEE73E6C /* riwayat.png in Resources */ = {isa = PBXBuildFile; fileRef = 55809B7E5E0547ABB2BF8FCC /* riwayat.png */; };
		9AF128DFF4BC4BF0BB5F233D /* Rubik-Bold.ttf in Resources */ = {isa = PBXBuildFile; fileRef = 311EE0F28C894E5EAB0FCBF5 /* Rubik-Bold.ttf */; };
		A9440FFCD4034E4C84EDE445 /* Rubik-Medium.ttf in Resources */ = {isa = PBXBuildFile; fileRef = C18A402CCA494E49878CA5FF /* Rubik-Medium.ttf */; };
		27BB83D3CA4E43CCB3B1418B /* Rubik-Regular.ttf in Resources */ = {isa = PBXBuildFile; fileRef = A50F66D55AAC4580B5C475A7 /* Rubik-Regular.ttf */; };
		65FBDDDB635A4B469583DFCD /* SFProDisplay-Regular.ttf in Resources */ = {isa = PBXBuildFile; fileRef = 16F5DA9360054AED8F495046 /* SFProDisplay-Regular.ttf */; };
/* End PBXBuildFile section */

/* Begin PBXContainerItemProxy section */
		00E356F41AD99517003FC87E /* PBXContainerItemProxy */ = {
			isa = PBXContainerItemProxy;
			containerPortal = 83CBB9F71A601CBA00E9B192 /* Project object */;
			proxyType = 1;
			remoteGlobalIDString = 13B07F861A680F5B00A75B9A;
			remoteInfo = AwanApp;
		};
		2D02E4911E0B4A5D006451C7 /* PBXContainerItemProxy */ = {
			isa = PBXContainerItemProxy;
			containerPortal = 83CBB9F71A601CBA00E9B192 /* Project object */;
			proxyType = 1;
			remoteGlobalIDString = 2D02E47A1E0B4A5D006451C7;
			remoteInfo = "AwanApp-tvOS";
		};
/* End PBXContainerItemProxy section */

/* Begin PBXFileReference section */
		008F07F21AC5B25A0029DE68 /* main.jsbundle */ = {isa = PBXFileReference; fileEncoding = 4; lastKnownFileType = text; path = main.jsbundle; sourceTree = "<group>"; };
		00E356EE1AD99517003FC87E /* AwanAppTests.xctest */ = {isa = PBXFileReference; explicitFileType = wrapper.cfbundle; includeInIndex = 0; path = AwanAppTests.xctest; sourceTree = BUILT_PRODUCTS_DIR; };
		00E356F11AD99517003FC87E /* Info.plist */ = {isa = PBXFileReference; lastKnownFileType = text.plist.xml; path = Info.plist; sourceTree = "<group>"; };
		00E356F21AD99517003FC87E /* AwanAppTests.m */ = {isa = PBXFileReference; lastKnownFileType = sourcecode.c.objc; path = AwanAppTests.m; sourceTree = "<group>"; };
		13B07F961A680F5B00A75B9A /* AwanApp.app */ = {isa = PBXFileReference; explicitFileType = wrapper.application; includeInIndex = 0; path = AwanApp.app; sourceTree = BUILT_PRODUCTS_DIR; };
		13B07FAF1A68108700A75B9A /* AppDelegate.h */ = {isa = PBXFileReference; fileEncoding = 4; lastKnownFileType = sourcecode.c.h; name = AppDelegate.h; path = AwanApp/AppDelegate.h; sourceTree = "<group>"; };
		13B07FB01A68108700A75B9A /* AppDelegate.m */ = {isa = PBXFileReference; fileEncoding = 4; lastKnownFileType = sourcecode.c.objc; name = AppDelegate.m; path = AwanApp/AppDelegate.m; sourceTree = "<group>"; };
		13B07FB21A68108700A75B9A /* Base */ = {isa = PBXFileReference; lastKnownFileType = file.xib; name = Base; path = Base.lproj/LaunchScreen.xib; sourceTree = "<group>"; };
		13B07FB51A68108700A75B9A /* Images.xcassets */ = {isa = PBXFileReference; lastKnownFileType = folder.assetcatalog; name = Images.xcassets; path = AwanApp/Images.xcassets; sourceTree = "<group>"; };
		13B07FB61A68108700A75B9A /* Info.plist */ = {isa = PBXFileReference; fileEncoding = 4; lastKnownFileType = text.plist.xml; name = Info.plist; path = AwanApp/Info.plist; sourceTree = "<group>"; };
		13B07FB71A68108700A75B9A /* main.m */ = {isa = PBXFileReference; fileEncoding = 4; lastKnownFileType = sourcecode.c.objc; name = main.m; path = AwanApp/main.m; sourceTree = "<group>"; };
		2D02E47B1E0B4A5D006451C7 /* AwanApp-tvOS.app */ = {isa = PBXFileReference; explicitFileType = wrapper.application; includeInIndex = 0; path = "AwanApp-tvOS.app"; sourceTree = BUILT_PRODUCTS_DIR; };
		2D02E4901E0B4A5D006451C7 /* AwanApp-tvOSTests.xctest */ = {isa = PBXFileReference; explicitFileType = wrapper.cfbundle; includeInIndex = 0; path = "AwanApp-tvOSTests.xctest"; sourceTree = BUILT_PRODUCTS_DIR; };
		ED297162215061F000B7C4FE /* JavaScriptCore.framework */ = {isa = PBXFileReference; lastKnownFileType = wrapper.framework; name = JavaScriptCore.framework; path = System/Library/Frameworks/JavaScriptCore.framework; sourceTree = SDKROOT; };
		ED2971642150620600B7C4FE /* JavaScriptCore.framework */ = {isa = PBXFileReference; lastKnownFileType = wrapper.framework; name = JavaScriptCore.framework; path = Platforms/AppleTVOS.platform/Developer/SDKs/AppleTVOS12.0.sdk/System/Library/Frameworks/JavaScriptCore.framework; sourceTree = DEVELOPER_DIR; };
		3B105AB2010E40BEB72B09F2 /* AntDesign.ttf */ = {isa = PBXFileReference; name = "AntDesign.ttf"; path = "../node_modules/native-base/Fonts/AntDesign.ttf"; sourceTree = "<group>"; fileEncoding = undefined; lastKnownFileType = unknown; explicitFileType = undefined; includeInIndex = 0; };
		4EF0550D3C044F5AA921D446 /* Entypo.ttf */ = {isa = PBXFileReference; name = "Entypo.ttf"; path = "../node_modules/native-base/Fonts/Entypo.ttf"; sourceTree = "<group>"; fileEncoding = undefined; lastKnownFileType = unknown; explicitFileType = undefined; includeInIndex = 0; };
		8F8197CFACA840C8AB6E743F /* EvilIcons.ttf */ = {isa = PBXFileReference; name = "EvilIcons.ttf"; path = "../node_modules/native-base/Fonts/EvilIcons.ttf"; sourceTree = "<group>"; fileEncoding = undefined; lastKnownFileType = unknown; explicitFileType = undefined; includeInIndex = 0; };
		0A63CCB8919D4DFDABE258AC /* Feather.ttf */ = {isa = PBXFileReference; name = "Feather.ttf"; path = "../node_modules/native-base/Fonts/Feather.ttf"; sourceTree = "<group>"; fileEncoding = undefined; lastKnownFileType = unknown; explicitFileType = undefined; includeInIndex = 0; };
		B0F9D0F897C14B359301DE91 /* FontAwesome.ttf */ = {isa = PBXFileReference; name = "FontAwesome.ttf"; path = "../node_modules/native-base/Fonts/FontAwesome.ttf"; sourceTree = "<group>"; fileEncoding = undefined; lastKnownFileType = unknown; explicitFileType = undefined; includeInIndex = 0; };
		F83329190AD34E6688BF4FDF /* FontAwesome5_Brands.ttf */ = {isa = PBXFileReference; name = "FontAwesome5_Brands.ttf"; path = "../node_modules/native-base/Fonts/FontAwesome5_Brands.ttf"; sourceTree = "<group>"; fileEncoding = undefined; lastKnownFileType = unknown; explicitFileType = undefined; includeInIndex = 0; };
		345D0CF10816426096D70B3C /* FontAwesome5_Regular.ttf */ = {isa = PBXFileReference; name = "FontAwesome5_Regular.ttf"; path = "../node_modules/native-base/Fonts/FontAwesome5_Regular.ttf"; sourceTree = "<group>"; fileEncoding = undefined; lastKnownFileType = unknown; explicitFileType = undefined; includeInIndex = 0; };
		342D2C14DC2048CEB4258DFF /* FontAwesome5_Solid.ttf */ = {isa = PBXFileReference; name = "FontAwesome5_Solid.ttf"; path = "../node_modules/native-base/Fonts/FontAwesome5_Solid.ttf"; sourceTree = "<group>"; fileEncoding = undefined; lastKnownFileType = unknown; explicitFileType = undefined; includeInIndex = 0; };
		26FB35E864274B0594D2D3FC /* Fontisto.ttf */ = {isa = PBXFileReference; name = "Fontisto.ttf"; path = "../node_modules/native-base/Fonts/Fontisto.ttf"; sourceTree = "<group>"; fileEncoding = undefined; lastKnownFileType = unknown; explicitFileType = undefined; includeInIndex = 0; };
		75281388B6674A7E9E4C97D8 /* Foundation.ttf */ = {isa = PBXFileReference; name = "Foundation.ttf"; path = "../node_modules/native-base/Fonts/Foundation.ttf"; sourceTree = "<group>"; fileEncoding = undefined; lastKnownFileType = unknown; explicitFileType = undefined; includeInIndex = 0; };
		F676C71A8C994F0791EA66D7 /* Ionicons.ttf */ = {isa = PBXFileReference; name = "Ionicons.ttf"; path = "../node_modules/native-base/Fonts/Ionicons.ttf"; sourceTree = "<group>"; fileEncoding = undefined; lastKnownFileType = unknown; explicitFileType = undefined; includeInIndex = 0; };
		41B96B4057994765A54AABDC /* MaterialCommunityIcons.ttf */ = {isa = PBXFileReference; name = "MaterialCommunityIcons.ttf"; path = "../node_modules/native-base/Fonts/MaterialCommunityIcons.ttf"; sourceTree = "<group>"; fileEncoding = undefined; lastKnownFileType = unknown; explicitFileType = undefined; includeInIndex = 0; };
		CD3C3B48F73B42F3A7770F67 /* MaterialIcons.ttf */ = {isa = PBXFileReference; name = "MaterialIcons.ttf"; path = "../node_modules/native-base/Fonts/MaterialIcons.ttf"; sourceTree = "<group>"; fileEncoding = undefined; lastKnownFileType = unknown; explicitFileType = undefined; includeInIndex = 0; };
		D568426EDA8541A39D816D04 /* Octicons.ttf */ = {isa = PBXFileReference; name = "Octicons.ttf"; path = "../node_modules/native-base/Fonts/Octicons.ttf"; sourceTree = "<group>"; fileEncoding = undefined; lastKnownFileType = unknown; explicitFileType = undefined; includeInIndex = 0; };
		CE14F13DC25C4AD19FF59A20 /* Roboto_medium.ttf */ = {isa = PBXFileReference; name = "Roboto_medium.ttf"; path = "../node_modules/native-base/Fonts/Roboto_medium.ttf"; sourceTree = "<group>"; fileEncoding = undefined; lastKnownFileType = unknown; explicitFileType = undefined; includeInIndex = 0; };
		3655E6116F4D4F8AAA771A63 /* Roboto.ttf */ = {isa = PBXFileReference; name = "Roboto.ttf"; path = "../node_modules/native-base/Fonts/Roboto.ttf"; sourceTree = "<group>"; fileEncoding = undefined; lastKnownFileType = unknown; explicitFileType = undefined; includeInIndex = 0; };
		28CDD04006EF4DEF9C5B7438 /* rubicon-icon-font.ttf */ = {isa = PBXFileReference; name = "rubicon-icon-font.ttf"; path = "../node_modules/native-base/Fonts/rubicon-icon-font.ttf"; sourceTree = "<group>"; fileEncoding = undefined; lastKnownFileType = unknown; explicitFileType = undefined; includeInIndex = 0; };
		9783FFD5927247AD858D156C /* SimpleLineIcons.ttf */ = {isa = PBXFileReference; name = "SimpleLineIcons.ttf"; path = "../node_modules/native-base/Fonts/SimpleLineIcons.ttf"; sourceTree = "<group>"; fileEncoding = undefined; lastKnownFileType = unknown; explicitFileType = undefined; includeInIndex = 0; };
		B6D83ADF2E8A4117908100A5 /* Zocial.ttf */ = {isa = PBXFileReference; name = "Zocial.ttf"; path = "../node_modules/native-base/Fonts/Zocial.ttf"; sourceTree = "<group>"; fileEncoding = undefined; lastKnownFileType = unknown; explicitFileType = undefined; includeInIndex = 0; };
		8856B7E732434F74B7B0ECDE /* Nunito-Black.ttf */ = {isa = PBXFileReference; name = "Nunito-Black.ttf"; path = "../src/assets/fonts/Nunito-Black.ttf"; sourceTree = "<group>"; fileEncoding = undefined; lastKnownFileType = unknown; explicitFileType = undefined; includeInIndex = 0; };
		8CB0E2DC07804979BA17CEA6 /* Nunito-BlackItalic.ttf */ = {isa = PBXFileReference; name = "Nunito-BlackItalic.ttf"; path = "../src/assets/fonts/Nunito-BlackItalic.ttf"; sourceTree = "<group>"; fileEncoding = undefined; lastKnownFileType = unknown; explicitFileType = undefined; includeInIndex = 0; };
		461514A192D84F9CB838913E /* Nunito-Bold.ttf */ = {isa = PBXFileReference; name = "Nunito-Bold.ttf"; path = "../src/assets/fonts/Nunito-Bold.ttf"; sourceTree = "<group>"; fileEncoding = undefined; lastKnownFileType = unknown; explicitFileType = undefined; includeInIndex = 0; };
		7A6A6506E37C4749A8584B7E /* Nunito-BoldItalic.ttf */ = {isa = PBXFileReference; name = "Nunito-BoldItalic.ttf"; path = "../src/assets/fonts/Nunito-BoldItalic.ttf"; sourceTree = "<group>"; fileEncoding = undefined; lastKnownFileType = unknown; explicitFileType = undefined; includeInIndex = 0; };
		48C30A81AC99419A8EF500F3 /* Nunito-ExtraBold.ttf */ = {isa = PBXFileReference; name = "Nunito-ExtraBold.ttf"; path = "../src/assets/fonts/Nunito-ExtraBold.ttf"; sourceTree = "<group>"; fileEncoding = undefined; lastKnownFileType = unknown; explicitFileType = undefined; includeInIndex = 0; };
		70B8C838F8F44FCDB79303D9 /* Nunito-ExtraBoldItalic.ttf */ = {isa = PBXFileReference; name = "Nunito-ExtraBoldItalic.ttf"; path = "../src/assets/fonts/Nunito-ExtraBoldItalic.ttf"; sourceTree = "<group>"; fileEncoding = undefined; lastKnownFileType = unknown; explicitFileType = undefined; includeInIndex = 0; };
		10530B325FC448E8BDEDDABB /* Nunito-ExtraLight.ttf */ = {isa = PBXFileReference; name = "Nunito-ExtraLight.ttf"; path = "../src/assets/fonts/Nunito-ExtraLight.ttf"; sourceTree = "<group>"; fileEncoding = undefined; lastKnownFileType = unknown; explicitFileType = undefined; includeInIndex = 0; };
		A139F4A267704591892EB5F4 /* Nunito-ExtraLightItalic.ttf */ = {isa = PBXFileReference; name = "Nunito-ExtraLightItalic.ttf"; path = "../src/assets/fonts/Nunito-ExtraLightItalic.ttf"; sourceTree = "<group>"; fileEncoding = undefined; lastKnownFileType = unknown; explicitFileType = undefined; includeInIndex = 0; };
		4E8A4A2701D64CFCA31BCA31 /* Nunito-Italic.ttf */ = {isa = PBXFileReference; name = "Nunito-Italic.ttf"; path = "../src/assets/fonts/Nunito-Italic.ttf"; sourceTree = "<group>"; fileEncoding = undefined; lastKnownFileType = unknown; explicitFileType = undefined; includeInIndex = 0; };
		1B443CC0A344484793EB0102 /* Nunito-Light.ttf */ = {isa = PBXFileReference; name = "Nunito-Light.ttf"; path = "../src/assets/fonts/Nunito-Light.ttf"; sourceTree = "<group>"; fileEncoding = undefined; lastKnownFileType = unknown; explicitFileType = undefined; includeInIndex = 0; };
		7AC58B65EEB84797B0136D5C /* Nunito-LightItalic.ttf */ = {isa = PBXFileReference; name = "Nunito-LightItalic.ttf"; path = "../src/assets/fonts/Nunito-LightItalic.ttf"; sourceTree = "<group>"; fileEncoding = undefined; lastKnownFileType = unknown; explicitFileType = undefined; includeInIndex = 0; };
		384F99B6990C46A6B72E4559 /* Nunito-Regular.ttf */ = {isa = PBXFileReference; name = "Nunito-Regular.ttf"; path = "../src/assets/fonts/Nunito-Regular.ttf"; sourceTree = "<group>"; fileEncoding = undefined; lastKnownFileType = unknown; explicitFileType = undefined; includeInIndex = 0; };
		854EB476FA4844C088EE1AF9 /* Nunito-SemiBold.ttf */ = {isa = PBXFileReference; name = "Nunito-SemiBold.ttf"; path = "../src/assets/fonts/Nunito-SemiBold.ttf"; sourceTree = "<group>"; fileEncoding = undefined; lastKnownFileType = unknown; explicitFileType = undefined; includeInIndex = 0; };
		91F1EB92386B4644A24B4604 /* Nunito-SemiBoldItalic.ttf */ = {isa = PBXFileReference; name = "Nunito-SemiBoldItalic.ttf"; path = "../src/assets/fonts/Nunito-SemiBoldItalic.ttf"; sourceTree = "<group>"; fileEncoding = undefined; lastKnownFileType = unknown; explicitFileType = undefined; includeInIndex = 0; };
		2B9DBF29F8494252B563B925 /* card_1.png */ = {isa = PBXFileReference; name = "card_1.png"; path = "../src/assets/images/card_1.png"; sourceTree = "<group>"; fileEncoding = undefined; lastKnownFileType = unknown; explicitFileType = undefined; includeInIndex = 0; };
		7C71A4CB581F4229B7334C13 /* card_2.png */ = {isa = PBXFileReference; name = "card_2.png"; path = "../src/assets/images/card_2.png"; sourceTree = "<group>"; fileEncoding = undefined; lastKnownFileType = unknown; explicitFileType = undefined; includeInIndex = 0; };
		0382F83BA67D45D788084981 /* intro1.png */ = {isa = PBXFileReference; name = "intro1.png"; path = "../src/assets/images/intro1.png"; sourceTree = "<group>"; fileEncoding = undefined; lastKnownFileType = unknown; explicitFileType = undefined; includeInIndex = 0; };
		8E1D216657024E4AB03EA250 /* intro2.png */ = {isa = PBXFileReference; name = "intro2.png"; path = "../src/assets/images/intro2.png"; sourceTree = "<group>"; fileEncoding = undefined; lastKnownFileType = unknown; explicitFileType = undefined; includeInIndex = 0; };
		328D5075EFFD410081A9FF6F /* intro3.png */ = {isa = PBXFileReference; name = "intro3.png"; path = "../src/assets/images/intro3.png"; sourceTree = "<group>"; fileEncoding = undefined; lastKnownFileType = unknown; explicitFileType = undefined; includeInIndex = 0; };
		4C14A4F31616409C945E660A /* logo.png */ = {isa = PBXFileReference; name = "logo.png"; path = "../src/assets/images/logo.png"; sourceTree = "<group>"; fileEncoding = undefined; lastKnownFileType = unknown; explicitFileType = undefined; includeInIndex = 0; };
		6867C1010C274172B90F69DD /* addproductsuccess.png */ = {isa = PBXFileReference; name = "addproductsuccess.png"; path = "../src/assets/images/addproductsuccess.png"; sourceTree = "<group>"; fileEncoding = undefined; lastKnownFileType = unknown; explicitFileType = undefined; includeInIndex = 0; };
		937CFD9306C84D54B63BA3C9 /* createpinsuccess.png */ = {isa = PBXFileReference; name = "createpinsuccess.png"; path = "../src/assets/images/createpinsuccess.png"; sourceTree = "<group>"; fileEncoding = undefined; lastKnownFileType = unknown; explicitFileType = undefined; includeInIndex = 0; };
		5BD79F7F7DDB4CF1A714C203 /* img-product.png */ = {isa = PBXFileReference; name = "img-product.png"; path = "../src/assets/images/img-product.png"; sourceTree = "<group>"; fileEncoding = undefined; lastKnownFileType = unknown; explicitFileType = undefined; includeInIndex = 0; };
		2A669A7EE1394F8C8DBC4BAC /* managemendiskonsuccess.png */ = {isa = PBXFileReference; name = "managemendiskonsuccess.png"; path = "../src/assets/images/managemendiskonsuccess.png"; sourceTree = "<group>"; fileEncoding = undefined; lastKnownFileType = unknown; explicitFileType = undefined; includeInIndex = 0; };
		598CBAD2071A401EA0BB7671 /* managemenkategorisuccess.png */ = {isa = PBXFileReference; name = "managemenkategorisuccess.png"; path = "../src/assets/images/managemenkategorisuccess.png"; sourceTree = "<group>"; fileEncoding = undefined; lastKnownFileType = unknown; explicitFileType = undefined; includeInIndex = 0; };
		51596A11ACFC4C59A4217993 /* managemenpelanggansuccess.png */ = {isa = PBXFileReference; name = "managemenpelanggansuccess.png"; path = "../src/assets/images/managemenpelanggansuccess.png"; sourceTree = "<group>"; fileEncoding = undefined; lastKnownFileType = unknown; explicitFileType = undefined; includeInIndex = 0; };
		8466D9234AA641B487D9C393 /* managemenproduksukses.png */ = {isa = PBXFileReference; name = "managemenproduksukses.png"; path = "../src/assets/images/managemenproduksukses.png"; sourceTree = "<group>"; fileEncoding = undefined; lastKnownFileType = unknown; explicitFileType = undefined; includeInIndex = 0; };
		B1C2677AEC47410B9A864A76 /* no-transaction.png */ = {isa = PBXFileReference; name = "no-transaction.png"; path = "../src/assets/images/no-transaction.png"; sourceTree = "<group>"; fileEncoding = undefined; lastKnownFileType = unknown; explicitFileType = undefined; includeInIndex = 0; };
		C7CAF8BD25804BE9ACE9E688 /* noproductlist.png */ = {isa = PBXFileReference; name = "noproductlist.png"; path = "../src/assets/images/noproductlist.png"; sourceTree = "<group>"; fileEncoding = undefined; lastKnownFileType = unknown; explicitFileType = undefined; includeInIndex = 0; };
		626B2A8FC2A54311A1803F25 /* successchangeemail.png */ = {isa = PBXFileReference; name = "successchangeemail.png"; path = "../src/assets/images/successchangeemail.png"; sourceTree = "<group>"; fileEncoding = undefined; lastKnownFileType = unknown; explicitFileType = undefined; includeInIndex = 0; };
		FCFE55D5518E4FC8BC043B1D /* successchangepassword.png */ = {isa = PBXFileReference; name = "successchangepassword.png"; path = "../src/assets/images/successchangepassword.png"; sourceTree = "<group>"; fileEncoding = undefined; lastKnownFileType = unknown; explicitFileType = undefined; includeInIndex = 0; };
		7E3A028170E040C99182E602 /* successchangephone.png */ = {isa = PBXFileReference; name = "successchangephone.png"; path = "../src/assets/images/successchangephone.png"; sourceTree = "<group>"; fileEncoding = undefined; lastKnownFileType = unknown; explicitFileType = undefined; includeInIndex = 0; };
		671083B0865241D3B31259FC /* successchangepin.png */ = {isa = PBXFileReference; name = "successchangepin.png"; path = "../src/assets/images/successchangepin.png"; sourceTree = "<group>"; fileEncoding = undefined; lastKnownFileType = unknown; explicitFileType = undefined; includeInIndex = 0; };
		F77AB2B17D114FACA7B1A540 /* successcreatestore.png */ = {isa = PBXFileReference; name = "successcreatestore.png"; path = "../src/assets/images/successcreatestore.png"; sourceTree = "<group>"; fileEncoding = undefined; lastKnownFileType = unknown; explicitFileType = undefined; includeInIndex = 0; };
		C8471DA78159490DA1AB1082 /* successtransaction.png */ = {isa = PBXFileReference; name = "successtransaction.png"; path = "../src/assets/images/successtransaction.png"; sourceTree = "<group>"; fileEncoding = undefined; lastKnownFileType = unknown; explicitFileType = undefined; includeInIndex = 0; };
		213367DE602F4EC69783CF64 /* successupdateprofile.png */ = {isa = PBXFileReference; name = "successupdateprofile.png"; path = "../src/assets/images/successupdateprofile.png"; sourceTree = "<group>"; fileEncoding = undefined; lastKnownFileType = unknown; explicitFileType = undefined; includeInIndex = 0; };
		BC95560BB1B142EA9342649C /* RNBluetoothEscposPrinter.xcodeproj */ = {isa = PBXFileReference; name = "RNBluetoothEscposPrinter.xcodeproj"; path = "../node_modules/react-native-bluetooth-escpos-printer/ios/RNBluetoothEscposPrinter.xcodeproj"; sourceTree = "<group>"; fileEncoding = undefined; lastKnownFileType = wrapper.pb-project; explicitFileType = undefined; includeInIndex = 0; };
		DC3E6AB7E40348DFA4D19B87 /* libRNBluetoothEscposPrinter.a */ = {isa = PBXFileReference; name = "libRNBluetoothEscposPrinter.a"; path = "libRNBluetoothEscposPrinter.a"; sourceTree = "<group>"; fileEncoding = undefined; lastKnownFileType = archive.ar; explicitFileType = undefined; includeInIndex = 0; };
		224D41A109D844BB82C505F8 /* Banner.jpg */ = {isa = PBXFileReference; name = "Banner.jpg"; path = "../src/assets/images/Banner.jpg"; sourceTree = "<group>"; fileEncoding = undefined; lastKnownFileType = unknown; explicitFileType = undefined; includeInIndex = 0; };
		BAC5620D70004CDDABBA2277 /* Banner2.jpg */ = {isa = PBXFileReference; name = "Banner2.jpg"; path = "../src/assets/images/Banner2.jpg"; sourceTree = "<group>"; fileEncoding = undefined; lastKnownFileType = unknown; explicitFileType = undefined; includeInIndex = 0; };
		D0AA3125C140400C8BAEEB65 /* logostruk.png */ = {isa = PBXFileReference; name = "logostruk.png"; path = "../src/assets/images/logostruk.png"; sourceTree = "<group>"; fileEncoding = undefined; lastKnownFileType = unknown; explicitFileType = undefined; includeInIndex = 0; };
		FA07B5C0E1E247448EE26547 /* not-connected.png */ = {isa = PBXFileReference; name = "not-connected.png"; path = "../src/assets/images/not-connected.png"; sourceTree = "<group>"; fileEncoding = undefined; lastKnownFileType = unknown; explicitFileType = undefined; includeInIndex = 0; };
		55809B7E5E0547ABB2BF8FCC /* riwayat.png */ = {isa = PBXFileReference; name = "riwayat.png"; path = "../src/assets/images/riwayat.png"; sourceTree = "<group>"; fileEncoding = undefined; lastKnownFileType = unknown; explicitFileType = undefined; includeInIndex = 0; };
		311EE0F28C894E5EAB0FCBF5 /* Rubik-Bold.ttf */ = {isa = PBXFileReference; name = "Rubik-Bold.ttf"; path = "../src/assets/fonts/Rubik-Bold.ttf"; sourceTree = "<group>"; fileEncoding = undefined; lastKnownFileType = unknown; explicitFileType = undefined; includeInIndex = 0; };
		C18A402CCA494E49878CA5FF /* Rubik-Medium.ttf */ = {isa = PBXFileReference; name = "Rubik-Medium.ttf"; path = "../src/assets/fonts/Rubik-Medium.ttf"; sourceTree = "<group>"; fileEncoding = undefined; lastKnownFileType = unknown; explicitFileType = undefined; includeInIndex = 0; };
		A50F66D55AAC4580B5C475A7 /* Rubik-Regular.ttf */ = {isa = PBXFileReference; name = "Rubik-Regular.ttf"; path = "../src/assets/fonts/Rubik-Regular.ttf"; sourceTree = "<group>"; fileEncoding = undefined; lastKnownFileType = unknown; explicitFileType = undefined; includeInIndex = 0; };
		16F5DA9360054AED8F495046 /* SFProDisplay-Regular.ttf */ = {isa = PBXFileReference; name = "SFProDisplay-Regular.ttf"; path = "../src/assets/fonts/SFProDisplay-Regular.ttf"; sourceTree = "<group>"; fileEncoding = undefined; lastKnownFileType = unknown; explicitFileType = undefined; includeInIndex = 0; };
/* End PBXFileReference section */

/* Begin PBXFrameworksBuildPhase section */
		00E356EB1AD99517003FC87E /* Frameworks */ = {
			isa = PBXFrameworksBuildPhase;
			buildActionMask = 2147483647;
			files = (
			);
			runOnlyForDeploymentPostprocessing = 0;
		};
		13B07F8C1A680F5B00A75B9A /* Frameworks */ = {
			isa = PBXFrameworksBuildPhase;
			buildActionMask = 2147483647;
			files = (
				4C4F2525C1864E00A7F939B2 /* libRNBluetoothEscposPrinter.a in Frameworks */,
			);
			runOnlyForDeploymentPostprocessing = 0;
		};
		2D02E4781E0B4A5D006451C7 /* Frameworks */ = {
			isa = PBXFrameworksBuildPhase;
			buildActionMask = 2147483647;
			files = (
			);
			runOnlyForDeploymentPostprocessing = 0;
		};
		2D02E48D1E0B4A5D006451C7 /* Frameworks */ = {
			isa = PBXFrameworksBuildPhase;
			buildActionMask = 2147483647;
			files = (
			);
			runOnlyForDeploymentPostprocessing = 0;
		};
/* End PBXFrameworksBuildPhase section */

/* Begin PBXGroup section */
		00E356EF1AD99517003FC87E /* AwanAppTests */ = {
			isa = PBXGroup;
			children = (
				00E356F21AD99517003FC87E /* AwanAppTests.m */,
				00E356F01AD99517003FC87E /* Supporting Files */,
			);
			path = AwanAppTests;
			sourceTree = "<group>";
		};
		00E356F01AD99517003FC87E /* Supporting Files */ = {
			isa = PBXGroup;
			children = (
				00E356F11AD99517003FC87E /* Info.plist */,
			);
			name = "Supporting Files";
			sourceTree = "<group>";
		};
		13B07FAE1A68108700A75B9A /* AwanApp */ = {
			isa = PBXGroup;
			children = (
				008F07F21AC5B25A0029DE68 /* main.jsbundle */,
				13B07FAF1A68108700A75B9A /* AppDelegate.h */,
				13B07FB01A68108700A75B9A /* AppDelegate.m */,
				13B07FB51A68108700A75B9A /* Images.xcassets */,
				13B07FB61A68108700A75B9A /* Info.plist */,
				13B07FB11A68108700A75B9A /* LaunchScreen.xib */,
				13B07FB71A68108700A75B9A /* main.m */,
			);
			name = AwanApp;
			sourceTree = "<group>";
		};
		2D16E6871FA4F8E400B85C8A /* Frameworks */ = {
			isa = PBXGroup;
			children = (
				ED297162215061F000B7C4FE /* JavaScriptCore.framework */,
				ED2971642150620600B7C4FE /* JavaScriptCore.framework */,
			);
			name = Frameworks;
			sourceTree = "<group>";
		};
		832341AE1AAA6A7D00B99B32 /* Libraries */ = {
			isa = PBXGroup;
			children = (
				BC95560BB1B142EA9342649C /* RNBluetoothEscposPrinter.xcodeproj */,
			);
			name = Libraries;
			sourceTree = "<group>";
		};
		83CBB9F61A601CBA00E9B192 = {
			isa = PBXGroup;
			children = (
				13B07FAE1A68108700A75B9A /* AwanApp */,
				832341AE1AAA6A7D00B99B32 /* Libraries */,
				00E356EF1AD99517003FC87E /* AwanAppTests */,
				83CBBA001A601CBA00E9B192 /* Products */,
				2D16E6871FA4F8E400B85C8A /* Frameworks */,
				AB9962BF93F24015B4A82008 /* Resources */,
			);
			indentWidth = 2;
			sourceTree = "<group>";
			tabWidth = 2;
			usesTabs = 0;
		};
		83CBBA001A601CBA00E9B192 /* Products */ = {
			isa = PBXGroup;
			children = (
				13B07F961A680F5B00A75B9A /* AwanApp.app */,
				00E356EE1AD99517003FC87E /* AwanAppTests.xctest */,
				2D02E47B1E0B4A5D006451C7 /* AwanApp-tvOS.app */,
				2D02E4901E0B4A5D006451C7 /* AwanApp-tvOSTests.xctest */,
			);
			name = Products;
			sourceTree = "<group>";
		};
		AB9962BF93F24015B4A82008 /* Resources */ = {
			isa = "PBXGroup";
			children = (
				3B105AB2010E40BEB72B09F2 /* AntDesign.ttf */,
				4EF0550D3C044F5AA921D446 /* Entypo.ttf */,
				8F8197CFACA840C8AB6E743F /* EvilIcons.ttf */,
				0A63CCB8919D4DFDABE258AC /* Feather.ttf */,
				B0F9D0F897C14B359301DE91 /* FontAwesome.ttf */,
				F83329190AD34E6688BF4FDF /* FontAwesome5_Brands.ttf */,
				345D0CF10816426096D70B3C /* FontAwesome5_Regular.ttf */,
				342D2C14DC2048CEB4258DFF /* FontAwesome5_Solid.ttf */,
				26FB35E864274B0594D2D3FC /* Fontisto.ttf */,
				75281388B6674A7E9E4C97D8 /* Foundation.ttf */,
				F676C71A8C994F0791EA66D7 /* Ionicons.ttf */,
				41B96B4057994765A54AABDC /* MaterialCommunityIcons.ttf */,
				CD3C3B48F73B42F3A7770F67 /* MaterialIcons.ttf */,
				D568426EDA8541A39D816D04 /* Octicons.ttf */,
				CE14F13DC25C4AD19FF59A20 /* Roboto_medium.ttf */,
				3655E6116F4D4F8AAA771A63 /* Roboto.ttf */,
				28CDD04006EF4DEF9C5B7438 /* rubicon-icon-font.ttf */,
				9783FFD5927247AD858D156C /* SimpleLineIcons.ttf */,
				B6D83ADF2E8A4117908100A5 /* Zocial.ttf */,
				8856B7E732434F74B7B0ECDE /* Nunito-Black.ttf */,
				8CB0E2DC07804979BA17CEA6 /* Nunito-BlackItalic.ttf */,
				461514A192D84F9CB838913E /* Nunito-Bold.ttf */,
				7A6A6506E37C4749A8584B7E /* Nunito-BoldItalic.ttf */,
				48C30A81AC99419A8EF500F3 /* Nunito-ExtraBold.ttf */,
				70B8C838F8F44FCDB79303D9 /* Nunito-ExtraBoldItalic.ttf */,
				10530B325FC448E8BDEDDABB /* Nunito-ExtraLight.ttf */,
				A139F4A267704591892EB5F4 /* Nunito-ExtraLightItalic.ttf */,
				4E8A4A2701D64CFCA31BCA31 /* Nunito-Italic.ttf */,
				1B443CC0A344484793EB0102 /* Nunito-Light.ttf */,
				7AC58B65EEB84797B0136D5C /* Nunito-LightItalic.ttf */,
				384F99B6990C46A6B72E4559 /* Nunito-Regular.ttf */,
				854EB476FA4844C088EE1AF9 /* Nunito-SemiBold.ttf */,
				91F1EB92386B4644A24B4604 /* Nunito-SemiBoldItalic.ttf */,
				2B9DBF29F8494252B563B925 /* card_1.png */,
				7C71A4CB581F4229B7334C13 /* card_2.png */,
				0382F83BA67D45D788084981 /* intro1.png */,
				8E1D216657024E4AB03EA250 /* intro2.png */,
				328D5075EFFD410081A9FF6F /* intro3.png */,
				4C14A4F31616409C945E660A /* logo.png */,
				6867C1010C274172B90F69DD /* addproductsuccess.png */,
				937CFD9306C84D54B63BA3C9 /* createpinsuccess.png */,
				5BD79F7F7DDB4CF1A714C203 /* img-product.png */,
				2A669A7EE1394F8C8DBC4BAC /* managemendiskonsuccess.png */,
				598CBAD2071A401EA0BB7671 /* managemenkategorisuccess.png */,
				51596A11ACFC4C59A4217993 /* managemenpelanggansuccess.png */,
				8466D9234AA641B487D9C393 /* managemenproduksukses.png */,
				B1C2677AEC47410B9A864A76 /* no-transaction.png */,
				C7CAF8BD25804BE9ACE9E688 /* noproductlist.png */,
				626B2A8FC2A54311A1803F25 /* successchangeemail.png */,
				FCFE55D5518E4FC8BC043B1D /* successchangepassword.png */,
				7E3A028170E040C99182E602 /* successchangephone.png */,
				671083B0865241D3B31259FC /* successchangepin.png */,
				F77AB2B17D114FACA7B1A540 /* successcreatestore.png */,
				C8471DA78159490DA1AB1082 /* successtransaction.png */,
				213367DE602F4EC69783CF64 /* successupdateprofile.png */,
				224D41A109D844BB82C505F8 /* Banner.jpg */,
				BAC5620D70004CDDABBA2277 /* Banner2.jpg */,
				D0AA3125C140400C8BAEEB65 /* logostruk.png */,
				FA07B5C0E1E247448EE26547 /* not-connected.png */,
				55809B7E5E0547ABB2BF8FCC /* riwayat.png */,
				311EE0F28C894E5EAB0FCBF5 /* Rubik-Bold.ttf */,
				C18A402CCA494E49878CA5FF /* Rubik-Medium.ttf */,
				A50F66D55AAC4580B5C475A7 /* Rubik-Regular.ttf */,
				16F5DA9360054AED8F495046 /* SFProDisplay-Regular.ttf */,
			);
			name = Resources;
			sourceTree = "<group>";
			path = "";
		};
/* End PBXGroup section */

/* Begin PBXNativeTarget section */
		00E356ED1AD99517003FC87E /* AwanAppTests */ = {
			isa = PBXNativeTarget;
			buildConfigurationList = 00E357021AD99517003FC87E /* Build configuration list for PBXNativeTarget "AwanAppTests" */;
			buildPhases = (
				00E356EA1AD99517003FC87E /* Sources */,
				00E356EB1AD99517003FC87E /* Frameworks */,
				00E356EC1AD99517003FC87E /* Resources */,
			);
			buildRules = (
			);
			dependencies = (
				00E356F51AD99517003FC87E /* PBXTargetDependency */,
			);
			name = AwanAppTests;
			productName = AwanAppTests;
			productReference = 00E356EE1AD99517003FC87E /* AwanAppTests.xctest */;
			productType = "com.apple.product-type.bundle.unit-test";
		};
		13B07F861A680F5B00A75B9A /* AwanApp */ = {
			isa = PBXNativeTarget;
			buildConfigurationList = 13B07F931A680F5B00A75B9A /* Build configuration list for PBXNativeTarget "AwanApp" */;
			buildPhases = (
				FD10A7F022414F080027D42C /* Start Packager */,
				13B07F871A680F5B00A75B9A /* Sources */,
				13B07F8C1A680F5B00A75B9A /* Frameworks */,
				13B07F8E1A680F5B00A75B9A /* Resources */,
				00DD1BFF1BD5951E006B06BC /* Bundle React Native code and images */,
			);
			buildRules = (
			);
			dependencies = (
			);
			name = AwanApp;
			productName = "AwanApp";
			productReference = 13B07F961A680F5B00A75B9A /* AwanApp.app */;
			productType = "com.apple.product-type.application";
		};
		2D02E47A1E0B4A5D006451C7 /* AwanApp-tvOS */ = {
			isa = PBXNativeTarget;
			buildConfigurationList = 2D02E4BA1E0B4A5E006451C7 /* Build configuration list for PBXNativeTarget "AwanApp-tvOS" */;
			buildPhases = (
				FD10A7F122414F3F0027D42C /* Start Packager */,
				2D02E4771E0B4A5D006451C7 /* Sources */,
				2D02E4781E0B4A5D006451C7 /* Frameworks */,
				2D02E4791E0B4A5D006451C7 /* Resources */,
				2D02E4CB1E0B4B27006451C7 /* Bundle React Native Code And Images */,
			);
			buildRules = (
			);
			dependencies = (
			);
			name = "AwanApp-tvOS";
			productName = "AwanApp-tvOS";
			productReference = 2D02E47B1E0B4A5D006451C7 /* AwanApp-tvOS.app */;
			productType = "com.apple.product-type.application";
		};
		2D02E48F1E0B4A5D006451C7 /* AwanApp-tvOSTests */ = {
			isa = PBXNativeTarget;
			buildConfigurationList = 2D02E4BB1E0B4A5E006451C7 /* Build configuration list for PBXNativeTarget "AwanApp-tvOSTests" */;
			buildPhases = (
				2D02E48C1E0B4A5D006451C7 /* Sources */,
				2D02E48D1E0B4A5D006451C7 /* Frameworks */,
				2D02E48E1E0B4A5D006451C7 /* Resources */,
			);
			buildRules = (
			);
			dependencies = (
				2D02E4921E0B4A5D006451C7 /* PBXTargetDependency */,
			);
			name = "AwanApp-tvOSTests";
			productName = "AwanApp-tvOSTests";
			productReference = 2D02E4901E0B4A5D006451C7 /* AwanApp-tvOSTests.xctest */;
			productType = "com.apple.product-type.bundle.unit-test";
		};
/* End PBXNativeTarget section */

/* Begin PBXProject section */
		83CBB9F71A601CBA00E9B192 /* Project object */ = {
			isa = PBXProject;
			attributes = {
				LastUpgradeCheck = 940;
				ORGANIZATIONNAME = Facebook;
				TargetAttributes = {
					00E356ED1AD99517003FC87E = {
						CreatedOnToolsVersion = 6.2;
						TestTargetID = 13B07F861A680F5B00A75B9A;
					};
					2D02E47A1E0B4A5D006451C7 = {
						CreatedOnToolsVersion = 8.2.1;
						ProvisioningStyle = Automatic;
					};
					2D02E48F1E0B4A5D006451C7 = {
						CreatedOnToolsVersion = 8.2.1;
						ProvisioningStyle = Automatic;
						TestTargetID = 2D02E47A1E0B4A5D006451C7;
					};
				};
			};
			buildConfigurationList = 83CBB9FA1A601CBA00E9B192 /* Build configuration list for PBXProject "AwanApp" */;
			compatibilityVersion = "Xcode 3.2";
			developmentRegion = English;
			hasScannedForEncodings = 0;
			knownRegions = (
				en,
				Base,
			);
			mainGroup = 83CBB9F61A601CBA00E9B192;
			productRefGroup = 83CBBA001A601CBA00E9B192 /* Products */;
			projectDirPath = "";
			projectRoot = "";
			targets = (
				13B07F861A680F5B00A75B9A /* AwanApp */,
				00E356ED1AD99517003FC87E /* AwanAppTests */,
				2D02E47A1E0B4A5D006451C7 /* AwanApp-tvOS */,
				2D02E48F1E0B4A5D006451C7 /* AwanApp-tvOSTests */,
			);
		};
/* End PBXProject section */

/* Begin PBXResourcesBuildPhase section */
		00E356EC1AD99517003FC87E /* Resources */ = {
			isa = PBXResourcesBuildPhase;
			buildActionMask = 2147483647;
			files = (
			);
			runOnlyForDeploymentPostprocessing = 0;
		};
		13B07F8E1A680F5B00A75B9A /* Resources */ = {
			isa = PBXResourcesBuildPhase;
			buildActionMask = 2147483647;
			files = (
				13B07FBF1A68108700A75B9A /* Images.xcassets in Resources */,
				13B07FBD1A68108700A75B9A /* LaunchScreen.xib in Resources */,
				382CAC6B1E7A4B15A2EE6462 /* AntDesign.ttf in Resources */,
				121AF32D81DB436DB61A412B /* Entypo.ttf in Resources */,
				2F199DEA825240F9B6F8177B /* EvilIcons.ttf in Resources */,
				31BFFC641561442A928902AB /* Feather.ttf in Resources */,
				44AB290F478443919DB75716 /* FontAwesome.ttf in Resources */,
				5542B383740F442084B84D5B /* FontAwesome5_Brands.ttf in Resources */,
				960CE035AD1D4A8F8E0F8723 /* FontAwesome5_Regular.ttf in Resources */,
				BA237C9AB75C4C12A78140EE /* FontAwesome5_Solid.ttf in Resources */,
				2DBA8404F4DD4A1893B4F22E /* Fontisto.ttf in Resources */,
				1BF3E159E7844E2A89D38579 /* Foundation.ttf in Resources */,
				39E0CAB5DD72415FABF43C1E /* Ionicons.ttf in Resources */,
				FE73074D750C44B9BA9017A6 /* MaterialCommunityIcons.ttf in Resources */,
				FF1E5743BB9B4751835BF5A4 /* MaterialIcons.ttf in Resources */,
				F7074077D6F44CA6895A1415 /* Octicons.ttf in Resources */,
				998F43474F464E29B7A101EA /* Roboto_medium.ttf in Resources */,
				CC2FDA9B35DA4BECBEDAABBD /* Roboto.ttf in Resources */,
				C3C4A17A0450422E9DBA572D /* rubicon-icon-font.ttf in Resources */,
				89DE10D170704EBFA787A870 /* SimpleLineIcons.ttf in Resources */,
				D711CD63EFFD42AB89FEA92E /* Zocial.ttf in Resources */,
				B22E5F66E20A40E197BDC0D0 /* Nunito-Black.ttf in Resources */,
				02F55F08054347D4AAA80B5F /* Nunito-BlackItalic.ttf in Resources */,
				D99650257D824A7EA7FA6ACE /* Nunito-Bold.ttf in Resources */,
				12C7716DDB674257A3D6813F /* Nunito-BoldItalic.ttf in Resources */,
				89128BFDC6F244248F81B2F2 /* Nunito-ExtraBold.ttf in Resources */,
				9F188E029733448BA7848998 /* Nunito-ExtraBoldItalic.ttf in Resources */,
				0A8D484D113F446A89F1EA5D /* Nunito-ExtraLight.ttf in Resources */,
				4BF44124155E4D4F814B6376 /* Nunito-ExtraLightItalic.ttf in Resources */,
				915802312ED04EF28A747522 /* Nunito-Italic.ttf in Resources */,
				6FE3E605DB72404091887B34 /* Nunito-Light.ttf in Resources */,
				522B5DCF047C4A2CA50CB350 /* Nunito-LightItalic.ttf in Resources */,
				D5B1209E9CFC45B39C6773E8 /* Nunito-Regular.ttf in Resources */,
				3383FEE8C063415CA20228E8 /* Nunito-SemiBold.ttf in Resources */,
				968FB97D289241C09CAE8CCC /* Nunito-SemiBoldItalic.ttf in Resources */,
				C0349C268DAB4E26A8584BCE /* card_1.png in Resources */,
				ADC700E02DB1419996E95309 /* card_2.png in Resources */,
				0FED946610E34F20B0A98F1C /* intro1.png in Resources */,
				A572981E44C144C6BF8C1522 /* intro2.png in Resources */,
				711005298FC446199464A60E /* intro3.png in Resources */,
				F65147E592444185956043F3 /* logo.png in Resources */,
				F44662C6CFB64DC6B52E8B9F /* addproductsuccess.png in Resources */,
				7DE9E839A2FF455B9FC27934 /* createpinsuccess.png in Resources */,
				BB5E04CE21E0460BB8CC1E43 /* img-product.png in Resources */,
				9736F21F8959450EBC800DD3 /* managemendiskonsuccess.png in Resources */,
				F28C4FF073AA4E469CA68479 /* managemenkategorisuccess.png in Resources */,
				56AA75EE431540F59086814C /* managemenpelanggansuccess.png in Resources */,
				AB113EBA19A54D64AD5C752C /* managemenproduksukses.png in Resources */,
				705B825898CD4B41ABD4E5DA /* no-transaction.png in Resources */,
				66B701F03FBB43EBB6211585 /* noproductlist.png in Resources */,
				A18846890ECC496CA594F9C5 /* successchangeemail.png in Resources */,
				282416DE70994DAAB858DED3 /* successchangepassword.png in Resources */,
				CC5DEA27292445AE9EC3A7C2 /* successchangephone.png in Resources */,
				D3948187D1A341709BC134AB /* successchangepin.png in Resources */,
				853EB2668CB44D87AF9E96BA /* successcreatestore.png in Resources */,
				70A3440123614BD8B90C2A01 /* successtransaction.png in Resources */,
				E4BA053526954D2B9512D219 /* successupdateprofile.png in Resources */,
				F38F9C6AA0E54757B5CB1650 /* Banner.jpg in Resources */,
				F892A4D821BF48AFB557535D /* Banner2.jpg in Resources */,
				A73F0933D74343C0AF4E971A /* logostruk.png in Resources */,
				C921B67C49C94124B548FD30 /* not-connected.png in Resources */,
				3854C4FD74E3493BAEE73E6C /* riwayat.png in Resources */,
				9AF128DFF4BC4BF0BB5F233D /* Rubik-Bold.ttf in Resources */,
				A9440FFCD4034E4C84EDE445 /* Rubik-Medium.ttf in Resources */,
				27BB83D3CA4E43CCB3B1418B /* Rubik-Regular.ttf in Resources */,
				65FBDDDB635A4B469583DFCD /* SFProDisplay-Regular.ttf in Resources */,
			);
			runOnlyForDeploymentPostprocessing = 0;
		};
		2D02E4791E0B4A5D006451C7 /* Resources */ = {
			isa = PBXResourcesBuildPhase;
			buildActionMask = 2147483647;
			files = (
				2D02E4BD1E0B4A84006451C7 /* Images.xcassets in Resources */,
			);
			runOnlyForDeploymentPostprocessing = 0;
		};
		2D02E48E1E0B4A5D006451C7 /* Resources */ = {
			isa = PBXResourcesBuildPhase;
			buildActionMask = 2147483647;
			files = (
			);
			runOnlyForDeploymentPostprocessing = 0;
		};
/* End PBXResourcesBuildPhase section */

/* Begin PBXShellScriptBuildPhase section */
		00DD1BFF1BD5951E006B06BC /* Bundle React Native code and images */ = {
			isa = PBXShellScriptBuildPhase;
			buildActionMask = 2147483647;
			files = (
			);
			inputPaths = (
			);
			name = "Bundle React Native code and images";
			outputPaths = (
			);
			runOnlyForDeploymentPostprocessing = 0;
			shellPath = /bin/sh;
			shellScript = "export NODE_BINARY=node\n../node_modules/react-native/scripts/react-native-xcode.sh";
		};
		2D02E4CB1E0B4B27006451C7 /* Bundle React Native Code And Images */ = {
			isa = PBXShellScriptBuildPhase;
			buildActionMask = 2147483647;
			files = (
			);
			inputPaths = (
			);
			name = "Bundle React Native Code And Images";
			outputPaths = (
			);
			runOnlyForDeploymentPostprocessing = 0;
			shellPath = /bin/sh;
			shellScript = "export NODE_BINARY=node\n../node_modules/react-native/scripts/react-native-xcode.sh";
		};
		FD10A7F022414F080027D42C /* Start Packager */ = {
			isa = PBXShellScriptBuildPhase;
			buildActionMask = 2147483647;
			files = (
			);
			inputFileListPaths = (
			);
			inputPaths = (
			);
			name = "Start Packager";
			outputFileListPaths = (
			);
			outputPaths = (
			);
			runOnlyForDeploymentPostprocessing = 0;
			shellPath = /bin/sh;
			shellScript = "export RCT_METRO_PORT=\"${RCT_METRO_PORT:=8081}\"\necho \"export RCT_METRO_PORT=${RCT_METRO_PORT}\" > \"${SRCROOT}/../node_modules/react-native/scripts/.packager.env\"\nif [ -z \"${RCT_NO_LAUNCH_PACKAGER+xxx}\" ] ; then\n  if nc -w 5 -z localhost ${RCT_METRO_PORT} ; then\n    if ! curl -s \"http://localhost:${RCT_METRO_PORT}/status\" | grep -q \"packager-status:running\" ; then\n      echo \"Port ${RCT_METRO_PORT} already in use, packager is either not running or not running correctly\"\n      exit 2\n    fi\n  else\n    open \"$SRCROOT/../node_modules/react-native/scripts/launchPackager.command\" || echo \"Can't start packager automatically\"\n  fi\nfi\n";
			showEnvVarsInLog = 0;
		};
		FD10A7F122414F3F0027D42C /* Start Packager */ = {
			isa = PBXShellScriptBuildPhase;
			buildActionMask = 2147483647;
			files = (
			);
			inputFileListPaths = (
			);
			inputPaths = (
			);
			name = "Start Packager";
			outputFileListPaths = (
			);
			outputPaths = (
			);
			runOnlyForDeploymentPostprocessing = 0;
			shellPath = /bin/sh;
			shellScript = "export RCT_METRO_PORT=\"${RCT_METRO_PORT:=8081}\"\necho \"export RCT_METRO_PORT=${RCT_METRO_PORT}\" > \"${SRCROOT}/../node_modules/react-native/scripts/.packager.env\"\nif [ -z \"${RCT_NO_LAUNCH_PACKAGER+xxx}\" ] ; then\n  if nc -w 5 -z localhost ${RCT_METRO_PORT} ; then\n    if ! curl -s \"http://localhost:${RCT_METRO_PORT}/status\" | grep -q \"packager-status:running\" ; then\n      echo \"Port ${RCT_METRO_PORT} already in use, packager is either not running or not running correctly\"\n      exit 2\n    fi\n  else\n    open \"$SRCROOT/../node_modules/react-native/scripts/launchPackager.command\" || echo \"Can't start packager automatically\"\n  fi\nfi\n";
			showEnvVarsInLog = 0;
		};
/* End PBXShellScriptBuildPhase section */

/* Begin PBXSourcesBuildPhase section */
		00E356EA1AD99517003FC87E /* Sources */ = {
			isa = PBXSourcesBuildPhase;
			buildActionMask = 2147483647;
			files = (
				00E356F31AD99517003FC87E /* AwanAppTests.m in Sources */,
			);
			runOnlyForDeploymentPostprocessing = 0;
		};
		13B07F871A680F5B00A75B9A /* Sources */ = {
			isa = PBXSourcesBuildPhase;
			buildActionMask = 2147483647;
			files = (
				13B07FBC1A68108700A75B9A /* AppDelegate.m in Sources */,
				13B07FC11A68108700A75B9A /* main.m in Sources */,
			);
			runOnlyForDeploymentPostprocessing = 0;
		};
		2D02E4771E0B4A5D006451C7 /* Sources */ = {
			isa = PBXSourcesBuildPhase;
			buildActionMask = 2147483647;
			files = (
				2D02E4BF1E0B4AB3006451C7 /* main.m in Sources */,
				2D02E4BC1E0B4A80006451C7 /* AppDelegate.m in Sources */,
			);
			runOnlyForDeploymentPostprocessing = 0;
		};
		2D02E48C1E0B4A5D006451C7 /* Sources */ = {
			isa = PBXSourcesBuildPhase;
			buildActionMask = 2147483647;
			files = (
				2DCD954D1E0B4F2C00145EB5 /* AwanAppTests.m in Sources */,
			);
			runOnlyForDeploymentPostprocessing = 0;
		};
/* End PBXSourcesBuildPhase section */

/* Begin PBXTargetDependency section */
		00E356F51AD99517003FC87E /* PBXTargetDependency */ = {
			isa = PBXTargetDependency;
			target = 13B07F861A680F5B00A75B9A /* AwanApp */;
			targetProxy = 00E356F41AD99517003FC87E /* PBXContainerItemProxy */;
		};
		2D02E4921E0B4A5D006451C7 /* PBXTargetDependency */ = {
			isa = PBXTargetDependency;
			target = 2D02E47A1E0B4A5D006451C7 /* AwanApp-tvOS */;
			targetProxy = 2D02E4911E0B4A5D006451C7 /* PBXContainerItemProxy */;
		};
/* End PBXTargetDependency section */

/* Begin PBXVariantGroup section */
		13B07FB11A68108700A75B9A /* LaunchScreen.xib */ = {
			isa = PBXVariantGroup;
			children = (
				13B07FB21A68108700A75B9A /* Base */,
			);
			name = LaunchScreen.xib;
			path = AwanApp;
			sourceTree = "<group>";
		};
/* End PBXVariantGroup section */

/* Begin XCBuildConfiguration section */
		00E356F61AD99517003FC87E /* Debug */ = {
			isa = XCBuildConfiguration;
			buildSettings = {
				BUNDLE_LOADER = "$(TEST_HOST)";
				GCC_PREPROCESSOR_DEFINITIONS = (
					"DEBUG=1",
					"$(inherited)",
				);
				INFOPLIST_FILE = AwanAppTests/Info.plist;
				IPHONEOS_DEPLOYMENT_TARGET = 9.0;
				LD_RUNPATH_SEARCH_PATHS = "$(inherited) @executable_path/Frameworks @loader_path/Frameworks";
				OTHER_LDFLAGS = (
					"-ObjC",
					"-lc++",
					"$(inherited)",
				);
				PRODUCT_BUNDLE_IDENTIFIER = "org.reactjs.native.example.$(PRODUCT_NAME:rfc1034identifier)";
				PRODUCT_NAME = "$(TARGET_NAME)";
				TEST_HOST = "$(BUILT_PRODUCTS_DIR)/AwanApp.app/AwanApp";
				LIBRARY_SEARCH_PATHS = (
					"$(inherited)",
					"\"$(SRCROOT)/$(TARGET_NAME)\"",
				);
				HEADER_SEARCH_PATHS = (
					"$(inherited)",
					"$(SRCROOT)/..",
				);
			};
			name = Debug;
		};
		00E356F71AD99517003FC87E /* Release */ = {
			isa = XCBuildConfiguration;
			buildSettings = {
				BUNDLE_LOADER = "$(TEST_HOST)";
				COPY_PHASE_STRIP = NO;
				INFOPLIST_FILE = AwanAppTests/Info.plist;
				IPHONEOS_DEPLOYMENT_TARGET = 9.0;
				LD_RUNPATH_SEARCH_PATHS = "$(inherited) @executable_path/Frameworks @loader_path/Frameworks";
				OTHER_LDFLAGS = (
					"-ObjC",
					"-lc++",
					"$(inherited)",
				);
				PRODUCT_BUNDLE_IDENTIFIER = "org.reactjs.native.example.$(PRODUCT_NAME:rfc1034identifier)";
				PRODUCT_NAME = "$(TARGET_NAME)";
				TEST_HOST = "$(BUILT_PRODUCTS_DIR)/AwanApp.app/AwanApp";
				LIBRARY_SEARCH_PATHS = (
					"$(inherited)",
					"\"$(SRCROOT)/$(TARGET_NAME)\"",
				);
				HEADER_SEARCH_PATHS = (
					"$(inherited)",
					"$(SRCROOT)/..",
				);
			};
			name = Release;
		};
		13B07F941A680F5B00A75B9A /* Debug */ = {
			isa = XCBuildConfiguration;
			buildSettings = {
				ASSETCATALOG_COMPILER_APPICON_NAME = AppIcon;
				CURRENT_PROJECT_VERSION = 1;
				DEAD_CODE_STRIPPING = NO;
				INFOPLIST_FILE = AwanApp/Info.plist;
				LD_RUNPATH_SEARCH_PATHS = "$(inherited) @executable_path/Frameworks";
				OTHER_LDFLAGS = (
					"$(inherited)",
					"-ObjC",
					"-lc++",
				);
				PRODUCT_BUNDLE_IDENTIFIER = "org.reactjs.native.example.$(PRODUCT_NAME:rfc1034identifier)";
				PRODUCT_NAME = AwanApp;
				VERSIONING_SYSTEM = "apple-generic";
				HEADER_SEARCH_PATHS = (
					"$(inherited)",
					"$(SRCROOT)/..",
				);
			};
			name = Debug;
		};
		13B07F951A680F5B00A75B9A /* Release */ = {
			isa = XCBuildConfiguration;
			buildSettings = {
				ASSETCATALOG_COMPILER_APPICON_NAME = AppIcon;
				CURRENT_PROJECT_VERSION = 1;
				INFOPLIST_FILE = AwanApp/Info.plist;
				LD_RUNPATH_SEARCH_PATHS = "$(inherited) @executable_path/Frameworks";
				OTHER_LDFLAGS = (
					"$(inherited)",
					"-ObjC",
					"-lc++",
				);
				PRODUCT_BUNDLE_IDENTIFIER = "org.reactjs.native.example.$(PRODUCT_NAME:rfc1034identifier)";
				PRODUCT_NAME = AwanApp;
				VERSIONING_SYSTEM = "apple-generic";
				HEADER_SEARCH_PATHS = (
					"$(inherited)",
					"$(SRCROOT)/..",
				);
			};
			name = Release;
		};
		2D02E4971E0B4A5E006451C7 /* Debug */ = {
			isa = XCBuildConfiguration;
			buildSettings = {
				ASSETCATALOG_COMPILER_APPICON_NAME = "App Icon & Top Shelf Image";
				ASSETCATALOG_COMPILER_LAUNCHIMAGE_NAME = LaunchImage;
				CLANG_ANALYZER_NONNULL = YES;
				CLANG_WARN_DOCUMENTATION_COMMENTS = YES;
				CLANG_WARN_INFINITE_RECURSION = YES;
				CLANG_WARN_SUSPICIOUS_MOVE = YES;
				DEBUG_INFORMATION_FORMAT = dwarf;
				ENABLE_TESTABILITY = YES;
				GCC_NO_COMMON_BLOCKS = YES;
				INFOPLIST_FILE = "AwanApp-tvOS/Info.plist";
				LD_RUNPATH_SEARCH_PATHS = "$(inherited) @executable_path/Frameworks";
				OTHER_LDFLAGS = (
					"$(inherited)",
					"-ObjC",
					"-lc++",
				);
				PRODUCT_BUNDLE_IDENTIFIER = "com.facebook.REACT.AwanApp-tvOS";
				PRODUCT_NAME = "$(TARGET_NAME)";
				SDKROOT = appletvos;
				TARGETED_DEVICE_FAMILY = 3;
				TVOS_DEPLOYMENT_TARGET = 9.2;
				LIBRARY_SEARCH_PATHS = (
					"$(inherited)",
					"\"$(SRCROOT)/$(TARGET_NAME)\"",
				);
				HEADER_SEARCH_PATHS = (
					"$(inherited)",
					"$(SRCROOT)/..",
				);
			};
			name = Debug;
		};
		2D02E4981E0B4A5E006451C7 /* Release */ = {
			isa = XCBuildConfiguration;
			buildSettings = {
				ASSETCATALOG_COMPILER_APPICON_NAME = "App Icon & Top Shelf Image";
				ASSETCATALOG_COMPILER_LAUNCHIMAGE_NAME = LaunchImage;
				CLANG_ANALYZER_NONNULL = YES;
				CLANG_WARN_DOCUMENTATION_COMMENTS = YES;
				CLANG_WARN_INFINITE_RECURSION = YES;
				CLANG_WARN_SUSPICIOUS_MOVE = YES;
				COPY_PHASE_STRIP = NO;
				DEBUG_INFORMATION_FORMAT = "dwarf-with-dsym";
				GCC_NO_COMMON_BLOCKS = YES;
				INFOPLIST_FILE = "AwanApp-tvOS/Info.plist";
				LD_RUNPATH_SEARCH_PATHS = "$(inherited) @executable_path/Frameworks";
				OTHER_LDFLAGS = (
					"$(inherited)",
					"-ObjC",
					"-lc++",
				);
				PRODUCT_BUNDLE_IDENTIFIER = "com.facebook.REACT.AwanApp-tvOS";
				PRODUCT_NAME = "$(TARGET_NAME)";
				SDKROOT = appletvos;
				TARGETED_DEVICE_FAMILY = 3;
				TVOS_DEPLOYMENT_TARGET = 9.2;
				LIBRARY_SEARCH_PATHS = (
					"$(inherited)",
					"\"$(SRCROOT)/$(TARGET_NAME)\"",
				);
				HEADER_SEARCH_PATHS = (
					"$(inherited)",
					"$(SRCROOT)/..",
				);
			};
			name = Release;
		};
		2D02E4991E0B4A5E006451C7 /* Debug */ = {
			isa = XCBuildConfiguration;
			buildSettings = {
				BUNDLE_LOADER = "$(TEST_HOST)";
				CLANG_ANALYZER_NONNULL = YES;
				CLANG_WARN_DOCUMENTATION_COMMENTS = YES;
				CLANG_WARN_INFINITE_RECURSION = YES;
				CLANG_WARN_SUSPICIOUS_MOVE = YES;
				DEBUG_INFORMATION_FORMAT = dwarf;
				ENABLE_TESTABILITY = YES;
				GCC_NO_COMMON_BLOCKS = YES;
				INFOPLIST_FILE = "AwanApp-tvOSTests/Info.plist";
				LD_RUNPATH_SEARCH_PATHS = "$(inherited) @executable_path/Frameworks @loader_path/Frameworks";
				OTHER_LDFLAGS = (
					"$(inherited)",
					"-ObjC",
					"-lc++",
				);
				PRODUCT_BUNDLE_IDENTIFIER = "com.facebook.REACT.AwanApp-tvOSTests";
				PRODUCT_NAME = "$(TARGET_NAME)";
				SDKROOT = appletvos;
				TEST_HOST = "$(BUILT_PRODUCTS_DIR)/AwanApp-tvOS.app/AwanApp-tvOS";
				TVOS_DEPLOYMENT_TARGET = 10.1;
				LIBRARY_SEARCH_PATHS = (
					"$(inherited)",
					"\"$(SRCROOT)/$(TARGET_NAME)\"",
				);
				HEADER_SEARCH_PATHS = (
					"$(inherited)",
					"$(SRCROOT)/..",
				);
			};
			name = Debug;
		};
		2D02E49A1E0B4A5E006451C7 /* Release */ = {
			isa = XCBuildConfiguration;
			buildSettings = {
				BUNDLE_LOADER = "$(TEST_HOST)";
				CLANG_ANALYZER_NONNULL = YES;
				CLANG_WARN_DOCUMENTATION_COMMENTS = YES;
				CLANG_WARN_INFINITE_RECURSION = YES;
				CLANG_WARN_SUSPICIOUS_MOVE = YES;
				COPY_PHASE_STRIP = NO;
				DEBUG_INFORMATION_FORMAT = "dwarf-with-dsym";
				GCC_NO_COMMON_BLOCKS = YES;
				INFOPLIST_FILE = "AwanApp-tvOSTests/Info.plist";
				LD_RUNPATH_SEARCH_PATHS = "$(inherited) @executable_path/Frameworks @loader_path/Frameworks";
				OTHER_LDFLAGS = (
					"$(inherited)",
					"-ObjC",
					"-lc++",
				);
				PRODUCT_BUNDLE_IDENTIFIER = "com.facebook.REACT.AwanApp-tvOSTests";
				PRODUCT_NAME = "$(TARGET_NAME)";
				SDKROOT = appletvos;
				TEST_HOST = "$(BUILT_PRODUCTS_DIR)/AwanApp-tvOS.app/AwanApp-tvOS";
				TVOS_DEPLOYMENT_TARGET = 10.1;
				LIBRARY_SEARCH_PATHS = (
					"$(inherited)",
					"\"$(SRCROOT)/$(TARGET_NAME)\"",
				);
				HEADER_SEARCH_PATHS = (
					"$(inherited)",
					"$(SRCROOT)/..",
				);
			};
			name = Release;
		};
		83CBBA201A601CBA00E9B192 /* Debug */ = {
			isa = XCBuildConfiguration;
			buildSettings = {
				ALWAYS_SEARCH_USER_PATHS = NO;
				CLANG_CXX_LANGUAGE_STANDARD = "gnu++0x";
				CLANG_CXX_LIBRARY = "libc++";
				CLANG_ENABLE_MODULES = YES;
				CLANG_ENABLE_OBJC_ARC = YES;
				CLANG_WARN_BLOCK_CAPTURE_AUTORELEASING = YES;
				CLANG_WARN_BOOL_CONVERSION = YES;
				CLANG_WARN_COMMA = YES;
				CLANG_WARN_CONSTANT_CONVERSION = YES;
				CLANG_WARN_DEPRECATED_OBJC_IMPLEMENTATIONS = YES;
				CLANG_WARN_DIRECT_OBJC_ISA_USAGE = YES_ERROR;
				CLANG_WARN_EMPTY_BODY = YES;
				CLANG_WARN_ENUM_CONVERSION = YES;
				CLANG_WARN_INFINITE_RECURSION = YES;
				CLANG_WARN_INT_CONVERSION = YES;
				CLANG_WARN_NON_LITERAL_NULL_CONVERSION = YES;
				CLANG_WARN_OBJC_IMPLICIT_RETAIN_SELF = YES;
				CLANG_WARN_OBJC_LITERAL_CONVERSION = YES;
				CLANG_WARN_OBJC_ROOT_CLASS = YES_ERROR;
				CLANG_WARN_RANGE_LOOP_ANALYSIS = YES;
				CLANG_WARN_STRICT_PROTOTYPES = YES;
				CLANG_WARN_SUSPICIOUS_MOVE = YES;
				CLANG_WARN_UNREACHABLE_CODE = YES;
				CLANG_WARN__DUPLICATE_METHOD_MATCH = YES;
				"CODE_SIGN_IDENTITY[sdk=iphoneos*]" = "iPhone Developer";
				COPY_PHASE_STRIP = NO;
				ENABLE_STRICT_OBJC_MSGSEND = YES;
				ENABLE_TESTABILITY = YES;
				GCC_C_LANGUAGE_STANDARD = gnu99;
				GCC_DYNAMIC_NO_PIC = NO;
				GCC_NO_COMMON_BLOCKS = YES;
				GCC_OPTIMIZATION_LEVEL = 0;
				GCC_PREPROCESSOR_DEFINITIONS = (
					"DEBUG=1",
					"$(inherited)",
				);
				GCC_SYMBOLS_PRIVATE_EXTERN = NO;
				GCC_WARN_64_TO_32_BIT_CONVERSION = YES;
				GCC_WARN_ABOUT_RETURN_TYPE = YES_ERROR;
				GCC_WARN_UNDECLARED_SELECTOR = YES;
				GCC_WARN_UNINITIALIZED_AUTOS = YES_AGGRESSIVE;
				GCC_WARN_UNUSED_FUNCTION = YES;
				GCC_WARN_UNUSED_VARIABLE = YES;
				IPHONEOS_DEPLOYMENT_TARGET = 9.0;
				MTL_ENABLE_DEBUG_INFO = YES;
				ONLY_ACTIVE_ARCH = YES;
				SDKROOT = iphoneos;
			};
			name = Debug;
		};
		83CBBA211A601CBA00E9B192 /* Release */ = {
			isa = XCBuildConfiguration;
			buildSettings = {
				ALWAYS_SEARCH_USER_PATHS = NO;
				CLANG_CXX_LANGUAGE_STANDARD = "gnu++0x";
				CLANG_CXX_LIBRARY = "libc++";
				CLANG_ENABLE_MODULES = YES;
				CLANG_ENABLE_OBJC_ARC = YES;
				CLANG_WARN_BLOCK_CAPTURE_AUTORELEASING = YES;
				CLANG_WARN_BOOL_CONVERSION = YES;
				CLANG_WARN_COMMA = YES;
				CLANG_WARN_CONSTANT_CONVERSION = YES;
				CLANG_WARN_DEPRECATED_OBJC_IMPLEMENTATIONS = YES;
				CLANG_WARN_DIRECT_OBJC_ISA_USAGE = YES_ERROR;
				CLANG_WARN_EMPTY_BODY = YES;
				CLANG_WARN_ENUM_CONVERSION = YES;
				CLANG_WARN_INFINITE_RECURSION = YES;
				CLANG_WARN_INT_CONVERSION = YES;
				CLANG_WARN_NON_LITERAL_NULL_CONVERSION = YES;
				CLANG_WARN_OBJC_IMPLICIT_RETAIN_SELF = YES;
				CLANG_WARN_OBJC_LITERAL_CONVERSION = YES;
				CLANG_WARN_OBJC_ROOT_CLASS = YES_ERROR;
				CLANG_WARN_RANGE_LOOP_ANALYSIS = YES;
				CLANG_WARN_STRICT_PROTOTYPES = YES;
				CLANG_WARN_SUSPICIOUS_MOVE = YES;
				CLANG_WARN_UNREACHABLE_CODE = YES;
				CLANG_WARN__DUPLICATE_METHOD_MATCH = YES;
				"CODE_SIGN_IDENTITY[sdk=iphoneos*]" = "iPhone Developer";
				COPY_PHASE_STRIP = YES;
				ENABLE_NS_ASSERTIONS = NO;
				ENABLE_STRICT_OBJC_MSGSEND = YES;
				GCC_C_LANGUAGE_STANDARD = gnu99;
				GCC_NO_COMMON_BLOCKS = YES;
				GCC_WARN_64_TO_32_BIT_CONVERSION = YES;
				GCC_WARN_ABOUT_RETURN_TYPE = YES_ERROR;
				GCC_WARN_UNDECLARED_SELECTOR = YES;
				GCC_WARN_UNINITIALIZED_AUTOS = YES_AGGRESSIVE;
				GCC_WARN_UNUSED_FUNCTION = YES;
				GCC_WARN_UNUSED_VARIABLE = YES;
				IPHONEOS_DEPLOYMENT_TARGET = 9.0;
				MTL_ENABLE_DEBUG_INFO = NO;
				SDKROOT = iphoneos;
				VALIDATE_PRODUCT = YES;
			};
			name = Release;
		};
/* End XCBuildConfiguration section */

/* Begin XCConfigurationList section */
		00E357021AD99517003FC87E /* Build configuration list for PBXNativeTarget "AwanAppTests" */ = {
			isa = XCConfigurationList;
			buildConfigurations = (
				00E356F61AD99517003FC87E /* Debug */,
				00E356F71AD99517003FC87E /* Release */,
			);
			defaultConfigurationIsVisible = 0;
			defaultConfigurationName = Release;
		};
		13B07F931A680F5B00A75B9A /* Build configuration list for PBXNativeTarget "AwanApp" */ = {
			isa = XCConfigurationList;
			buildConfigurations = (
				13B07F941A680F5B00A75B9A /* Debug */,
				13B07F951A680F5B00A75B9A /* Release */,
			);
			defaultConfigurationIsVisible = 0;
			defaultConfigurationName = Release;
		};
		2D02E4BA1E0B4A5E006451C7 /* Build configuration list for PBXNativeTarget "AwanApp-tvOS" */ = {
			isa = XCConfigurationList;
			buildConfigurations = (
				2D02E4971E0B4A5E006451C7 /* Debug */,
				2D02E4981E0B4A5E006451C7 /* Release */,
			);
			defaultConfigurationIsVisible = 0;
			defaultConfigurationName = Release;
		};
		2D02E4BB1E0B4A5E006451C7 /* Build configuration list for PBXNativeTarget "AwanApp-tvOSTests" */ = {
			isa = XCConfigurationList;
			buildConfigurations = (
				2D02E4991E0B4A5E006451C7 /* Debug */,
				2D02E49A1E0B4A5E006451C7 /* Release */,
			);
			defaultConfigurationIsVisible = 0;
			defaultConfigurationName = Release;
		};
		83CBB9FA1A601CBA00E9B192 /* Build configuration list for PBXProject "AwanApp" */ = {
			isa = XCConfigurationList;
			buildConfigurations = (
				83CBBA201A601CBA00E9B192 /* Debug */,
				83CBBA211A601CBA00E9B192 /* Release */,
			);
			defaultConfigurationIsVisible = 0;
			defaultConfigurationName = Release;
		};
/* End XCConfigurationList section */
	};
	rootObject = 83CBB9F71A601CBA00E9B192 /* Project object */;
}
